
Microsoft Visual Studio Solution File, Format Version 12.00
# Visual Studio Version 16
VisualStudioVersion = 16.0.30011.22
MinimumVisualStudioVersion = 10.0.40219.1
Project("{9A19103F-16F7-4668-BE54-9A1E7A4F7556}") = "Aloxi.AlexaAdapter", "Aloxi.AlexaAdapter\Aloxi.AlexaAdapter.csproj", "{FDD202F5-E8C5-4071-88B6-D962CB3FE2FC}"
EndProject
Project("{2150E333-8FDC-42A3-9474-1A3956D46DE8}") = "Root", "Root", "{4D53B31A-E96D-42E3-B71E-7C4E7A2421C6}"
	ProjectSection(SolutionItems) = preProject
		.gitignore = .gitignore
		LICENSE = LICENSE
		PRIVACY.md = PRIVACY.md
		README.md = README.md
	EndProjectSection
EndProject
Project("{9A19103F-16F7-4668-BE54-9A1E7A4F7556}") = "Aloxi.Bridge", "Aloxi.Bridge\Aloxi.Bridge.csproj", "{C65616C2-FDFF-4D97-9D40-6E196C2113BE}"
EndProject
Project("{2150E333-8FDC-42A3-9474-1A3956D46DE8}") = "samples-tobridge", "samples-tobridge", "{EDF6C151-9EF2-462A-9D3A-A8E621AF8AF7}"
	ProjectSection(SolutionItems) = preProject
		samples-tobridge\mqtt-tobridge-discovery.json = samples-tobridge\mqtt-tobridge-discovery.json
	EndProjectSection
EndProject
Global
	GlobalSection(SolutionConfigurationPlatforms) = preSolution
		Debug|Any CPU = Debug|Any CPU
		Release|Any CPU = Release|Any CPU
	EndGlobalSection
	GlobalSection(ProjectConfigurationPlatforms) = postSolution
		{FDD202F5-E8C5-4071-88B6-D962CB3FE2FC}.Debug|Any CPU.ActiveCfg = Debug|Any CPU
		{FDD202F5-E8C5-4071-88B6-D962CB3FE2FC}.Debug|Any CPU.Build.0 = Debug|Any CPU
		{FDD202F5-E8C5-4071-88B6-D962CB3FE2FC}.Release|Any CPU.ActiveCfg = Release|Any CPU
		{FDD202F5-E8C5-4071-88B6-D962CB3FE2FC}.Release|Any CPU.Build.0 = Release|Any CPU
		{C65616C2-FDFF-4D97-9D40-6E196C2113BE}.Debug|Any CPU.ActiveCfg = Debug|Any CPU
		{C65616C2-FDFF-4D97-9D40-6E196C2113BE}.Debug|Any CPU.Build.0 = Debug|Any CPU
		{C65616C2-FDFF-4D97-9D40-6E196C2113BE}.Release|Any CPU.ActiveCfg = Release|Any CPU
		{C65616C2-FDFF-4D97-9D40-6E196C2113BE}.Release|Any CPU.Build.0 = Release|Any CPU
	EndGlobalSection
	GlobalSection(SolutionProperties) = preSolution
		HideSolutionNode = FALSE
	EndGlobalSection
	GlobalSection(NestedProjects) = preSolution
		{EDF6C151-9EF2-462A-9D3A-A8E621AF8AF7} = {4D53B31A-E96D-42E3-B71E-7C4E7A2421C6}
	EndGlobalSection
	GlobalSection(ExtensibilityGlobals) = postSolution
		SolutionGuid = {F60C499B-4E9E-4CBD-B457-D79F2F66631B}
	EndGlobalSection
EndGlobal
